
Microsoft Visual Studio Solution File, Format Version 12.00
# Visual Studio 15
VisualStudioVersion = 15.0.27703.2026
MinimumVisualStudioVersion = 10.0.40219.1
Project("{2150E333-8FDC-42A3-9474-1A3956D46DE8}") = "Test", "Test", "{37EE8852-A1D8-4824-B390-77B3F5810C16}"
EndProject
Project("{2150E333-8FDC-42A3-9474-1A3956D46DE8}") = "TransFile", "TransFile", "{7D6F93A1-A033-4C1A-87B9-6E11A458627E}"
	ProjectSection(SolutionItems) = preProject
		Test\TransFile\传输协议.txt = Test\TransFile\传输协议.txt
		说明.txt = 说明.txt
	EndProjectSection
EndProject
Project("{2150E333-8FDC-42A3-9474-1A3956D46DE8}") = "ServerSuperIO", "ServerSuperIO", "{01437806-03B1-49D4-BEBB-CD32E11A1999}"
	ProjectSection(SolutionItems) = preProject
		ServerSuperIO\说明.txt = ServerSuperIO\说明.txt
	EndProjectSection
EndProject
Project("{FAE04EC0-301F-11D3-BF4B-00C04F79EFBC}") = "TestDeviceDriver", "Test\TestDeviceDriver\TestDeviceDriver.csproj", "{F4385864-8434-4700-803B-3D1063B37CBE}"
EndProject
Project("{FAE04EC0-301F-11D3-BF4B-00C04F79EFBC}") = "TestLog", "Test\TestLog\TestLog.csproj", "{852F0BB8-5A4B-44EB-8CA6-B30814C019FA}"
EndProject
Project("{FAE04EC0-301F-11D3-BF4B-00C04F79EFBC}") = "TestLoopMain", "Test\TestLoopMain\TestLoopMain.csproj", "{7B3EF678-7A8A-4A53-8D6E-FFE5E4CC52D2}"
EndProject
Project("{FAE04EC0-301F-11D3-BF4B-00C04F79EFBC}") = "TestParallelMain", "Test\TestParallelMain\TestParallelMain.csproj", "{7D5A1E33-E13D-4771-B052-FFCB1CF2F1DD}"
EndProject
Project("{FAE04EC0-301F-11D3-BF4B-00C04F79EFBC}") = "TestSelfMain", "Test\TestSelfMain\TestSelfMain.csproj", "{3A8A27C1-0343-44D2-99A2-778B0824B793}"
EndProject
Project("{FAE04EC0-301F-11D3-BF4B-00C04F79EFBC}") = "TestService", "Test\TestService\TestService.csproj", "{06774621-5B21-4C80-B3E3-FF79C2E6D0C6}"
EndProject
Project("{FAE04EC0-301F-11D3-BF4B-00C04F79EFBC}") = "TestSingletonMain", "Test\TestSingletonMain\TestSingletonMain.csproj", "{D3CA89A8-4D1C-4DBB-B382-BC178FEF6B18}"
EndProject
Project("{FAE04EC0-301F-11D3-BF4B-00C04F79EFBC}") = "TestTcpListener", "Test\TestTcpListener\TestTcpListener.csproj", "{7A14CA68-AC35-4EBC-ACEA-08EB43F131BE}"
EndProject
Project("{FAE04EC0-301F-11D3-BF4B-00C04F79EFBC}") = "TransFileClient", "Test\TransFile\TransFileClient\TransFileClient.csproj", "{513FC610-4DC6-4E21-8800-54FD0576A5F0}"
EndProject
Project("{FAE04EC0-301F-11D3-BF4B-00C04F79EFBC}") = "TransFileDriver", "Test\TransFile\TransFileDriver\TransFileDriver.csproj", "{3FBE20AA-E93F-49F6-80A9-18A26943CDBB}"
EndProject
Project("{FAE04EC0-301F-11D3-BF4B-00C04F79EFBC}") = "TransFileHost", "Test\TransFile\TransFileHost\TransFileHost.csproj", "{89454558-9F75-4017-A776-4D94B9732CED}"
EndProject
Project("{FAE04EC0-301F-11D3-BF4B-00C04F79EFBC}") = "TestDevice", "Test\TestDevice\TestDevice.csproj", "{263C68F6-8D47-4CA6-AD31-9A80B4D08A79}"
EndProject
Project("{FAE04EC0-301F-11D3-BF4B-00C04F79EFBC}") = "ServerSuperIO", "ServerSuperIO\ServerSuperIO\ServerSuperIO.csproj", "{60124DC8-0046-431D-AC24-973B1262D6E5}"
EndProject
Global
	GlobalSection(SolutionConfigurationPlatforms) = preSolution
		Debug|Any CPU = Debug|Any CPU
		Debug|ARM = Debug|ARM
		Debug|x64 = Debug|x64
		Debug|x86 = Debug|x86
		Release|Any CPU = Release|Any CPU
		Release|ARM = Release|ARM
		Release|x64 = Release|x64
		Release|x86 = Release|x86
	EndGlobalSection
	GlobalSection(ProjectConfigurationPlatforms) = postSolution
		{F4385864-8434-4700-803B-3D1063B37CBE}.Debug|Any CPU.ActiveCfg = Debug|Any CPU
		{F4385864-8434-4700-803B-3D1063B37CBE}.Debug|Any CPU.Build.0 = Debug|Any CPU
		{F4385864-8434-4700-803B-3D1063B37CBE}.Debug|ARM.ActiveCfg = Debug|Any CPU
		{F4385864-8434-4700-803B-3D1063B37CBE}.Debug|ARM.Build.0 = Debug|Any CPU
		{F4385864-8434-4700-803B-3D1063B37CBE}.Debug|x64.ActiveCfg = Debug|Any CPU
		{F4385864-8434-4700-803B-3D1063B37CBE}.Debug|x64.Build.0 = Debug|Any CPU
		{F4385864-8434-4700-803B-3D1063B37CBE}.Debug|x86.ActiveCfg = Debug|Any CPU
		{F4385864-8434-4700-803B-3D1063B37CBE}.Debug|x86.Build.0 = Debug|Any CPU
		{F4385864-8434-4700-803B-3D1063B37CBE}.Release|Any CPU.ActiveCfg = Release|Any CPU
		{F4385864-8434-4700-803B-3D1063B37CBE}.Release|Any CPU.Build.0 = Release|Any CPU
		{F4385864-8434-4700-803B-3D1063B37CBE}.Release|ARM.ActiveCfg = Release|Any CPU
		{F4385864-8434-4700-803B-3D1063B37CBE}.Release|ARM.Build.0 = Release|Any CPU
		{F4385864-8434-4700-803B-3D1063B37CBE}.Release|x64.ActiveCfg = Release|Any CPU
		{F4385864-8434-4700-803B-3D1063B37CBE}.Release|x64.Build.0 = Release|Any CPU
		{F4385864-8434-4700-803B-3D1063B37CBE}.Release|x86.ActiveCfg = Release|Any CPU
		{F4385864-8434-4700-803B-3D1063B37CBE}.Release|x86.Build.0 = Release|Any CPU
		{852F0BB8-5A4B-44EB-8CA6-B30814C019FA}.Debug|Any CPU.ActiveCfg = Debug|Any CPU
		{852F0BB8-5A4B-44EB-8CA6-B30814C019FA}.Debug|Any CPU.Build.0 = Debug|Any CPU
		{852F0BB8-5A4B-44EB-8CA6-B30814C019FA}.Debug|ARM.ActiveCfg = Debug|Any CPU
		{852F0BB8-5A4B-44EB-8CA6-B30814C019FA}.Debug|ARM.Build.0 = Debug|Any CPU
		{852F0BB8-5A4B-44EB-8CA6-B30814C019FA}.Debug|x64.ActiveCfg = Debug|Any CPU
		{852F0BB8-5A4B-44EB-8CA6-B30814C019FA}.Debug|x64.Build.0 = Debug|Any CPU
		{852F0BB8-5A4B-44EB-8CA6-B30814C019FA}.Debug|x86.ActiveCfg = Debug|Any CPU
		{852F0BB8-5A4B-44EB-8CA6-B30814C019FA}.Debug|x86.Build.0 = Debug|Any CPU
		{852F0BB8-5A4B-44EB-8CA6-B30814C019FA}.Release|Any CPU.ActiveCfg = Release|Any CPU
		{852F0BB8-5A4B-44EB-8CA6-B30814C019FA}.Release|Any CPU.Build.0 = Release|Any CPU
		{852F0BB8-5A4B-44EB-8CA6-B30814C019FA}.Release|ARM.ActiveCfg = Release|Any CPU
		{852F0BB8-5A4B-44EB-8CA6-B30814C019FA}.Release|ARM.Build.0 = Release|Any CPU
		{852F0BB8-5A4B-44EB-8CA6-B30814C019FA}.Release|x64.ActiveCfg = Release|Any CPU
		{852F0BB8-5A4B-44EB-8CA6-B30814C019FA}.Release|x64.Build.0 = Release|Any CPU
		{852F0BB8-5A4B-44EB-8CA6-B30814C019FA}.Release|x86.ActiveCfg = Release|Any CPU
		{852F0BB8-5A4B-44EB-8CA6-B30814C019FA}.Release|x86.Build.0 = Release|Any CPU
		{7B3EF678-7A8A-4A53-8D6E-FFE5E4CC52D2}.Debug|Any CPU.ActiveCfg = Debug|Any CPU
		{7B3EF678-7A8A-4A53-8D6E-FFE5E4CC52D2}.Debug|Any CPU.Build.0 = Debug|Any CPU
		{7B3EF678-7A8A-4A53-8D6E-FFE5E4CC52D2}.Debug|ARM.ActiveCfg = Debug|Any CPU
		{7B3EF678-7A8A-4A53-8D6E-FFE5E4CC52D2}.Debug|ARM.Build.0 = Debug|Any CPU
		{7B3EF678-7A8A-4A53-8D6E-FFE5E4CC52D2}.Debug|x64.ActiveCfg = Debug|Any CPU
		{7B3EF678-7A8A-4A53-8D6E-FFE5E4CC52D2}.Debug|x64.Build.0 = Debug|Any CPU
		{7B3EF678-7A8A-4A53-8D6E-FFE5E4CC52D2}.Debug|x86.ActiveCfg = Debug|Any CPU
		{7B3EF678-7A8A-4A53-8D6E-FFE5E4CC52D2}.Debug|x86.Build.0 = Debug|Any CPU
		{7B3EF678-7A8A-4A53-8D6E-FFE5E4CC52D2}.Release|Any CPU.ActiveCfg = Release|Any CPU
		{7B3EF678-7A8A-4A53-8D6E-FFE5E4CC52D2}.Release|Any CPU.Build.0 = Release|Any CPU
		{7B3EF678-7A8A-4A53-8D6E-FFE5E4CC52D2}.Release|ARM.ActiveCfg = Release|Any CPU
		{7B3EF678-7A8A-4A53-8D6E-FFE5E4CC52D2}.Release|ARM.Build.0 = Release|Any CPU
		{7B3EF678-7A8A-4A53-8D6E-FFE5E4CC52D2}.Release|x64.ActiveCfg = Release|Any CPU
		{7B3EF678-7A8A-4A53-8D6E-FFE5E4CC52D2}.Release|x64.Build.0 = Release|Any CPU
		{7B3EF678-7A8A-4A53-8D6E-FFE5E4CC52D2}.Release|x86.ActiveCfg = Release|Any CPU
		{7B3EF678-7A8A-4A53-8D6E-FFE5E4CC52D2}.Release|x86.Build.0 = Release|Any CPU
		{7D5A1E33-E13D-4771-B052-FFCB1CF2F1DD}.Debug|Any CPU.ActiveCfg = Debug|Any CPU
		{7D5A1E33-E13D-4771-B052-FFCB1CF2F1DD}.Debug|Any CPU.Build.0 = Debug|Any CPU
		{7D5A1E33-E13D-4771-B052-FFCB1CF2F1DD}.Debug|ARM.ActiveCfg = Debug|Any CPU
		{7D5A1E33-E13D-4771-B052-FFCB1CF2F1DD}.Debug|ARM.Build.0 = Debug|Any CPU
		{7D5A1E33-E13D-4771-B052-FFCB1CF2F1DD}.Debug|x64.ActiveCfg = Debug|Any CPU
		{7D5A1E33-E13D-4771-B052-FFCB1CF2F1DD}.Debug|x64.Build.0 = Debug|Any CPU
		{7D5A1E33-E13D-4771-B052-FFCB1CF2F1DD}.Debug|x86.ActiveCfg = Debug|Any CPU
		{7D5A1E33-E13D-4771-B052-FFCB1CF2F1DD}.Debug|x86.Build.0 = Debug|Any CPU
		{7D5A1E33-E13D-4771-B052-FFCB1CF2F1DD}.Release|Any CPU.ActiveCfg = Release|Any CPU
		{7D5A1E33-E13D-4771-B052-FFCB1CF2F1DD}.Release|Any CPU.Build.0 = Release|Any CPU
		{7D5A1E33-E13D-4771-B052-FFCB1CF2F1DD}.Release|ARM.ActiveCfg = Release|Any CPU
		{7D5A1E33-E13D-4771-B052-FFCB1CF2F1DD}.Release|ARM.Build.0 = Release|Any CPU
		{7D5A1E33-E13D-4771-B052-FFCB1CF2F1DD}.Release|x64.ActiveCfg = Release|Any CPU
		{7D5A1E33-E13D-4771-B052-FFCB1CF2F1DD}.Release|x64.Build.0 = Release|Any CPU
		{7D5A1E33-E13D-4771-B052-FFCB1CF2F1DD}.Release|x86.ActiveCfg = Release|Any CPU
		{7D5A1E33-E13D-4771-B052-FFCB1CF2F1DD}.Release|x86.Build.0 = Release|Any CPU
		{3A8A27C1-0343-44D2-99A2-778B0824B793}.Debug|Any CPU.ActiveCfg = Debug|Any CPU
		{3A8A27C1-0343-44D2-99A2-778B0824B793}.Debug|Any CPU.Build.0 = Debug|Any CPU
		{3A8A27C1-0343-44D2-99A2-778B0824B793}.Debug|ARM.ActiveCfg = Debug|Any CPU
		{3A8A27C1-0343-44D2-99A2-778B0824B793}.Debug|ARM.Build.0 = Debug|Any CPU
		{3A8A27C1-0343-44D2-99A2-778B0824B793}.Debug|x64.ActiveCfg = Debug|Any CPU
		{3A8A27C1-0343-44D2-99A2-778B0824B793}.Debug|x64.Build.0 = Debug|Any CPU
		{3A8A27C1-0343-44D2-99A2-778B0824B793}.Debug|x86.ActiveCfg = Debug|Any CPU
		{3A8A27C1-0343-44D2-99A2-778B0824B793}.Debug|x86.Build.0 = Debug|Any CPU
		{3A8A27C1-0343-44D2-99A2-778B0824B793}.Release|Any CPU.ActiveCfg = Release|Any CPU
		{3A8A27C1-0343-44D2-99A2-778B0824B793}.Release|Any CPU.Build.0 = Release|Any CPU
		{3A8A27C1-0343-44D2-99A2-778B0824B793}.Release|ARM.ActiveCfg = Release|Any CPU
		{3A8A27C1-0343-44D2-99A2-778B0824B793}.Release|ARM.Build.0 = Release|Any CPU
		{3A8A27C1-0343-44D2-99A2-778B0824B793}.Release|x64.ActiveCfg = Release|Any CPU
		{3A8A27C1-0343-44D2-99A2-778B0824B793}.Release|x64.Build.0 = Release|Any CPU
		{3A8A27C1-0343-44D2-99A2-778B0824B793}.Release|x86.ActiveCfg = Release|Any CPU
		{3A8A27C1-0343-44D2-99A2-778B0824B793}.Release|x86.Build.0 = Release|Any CPU
		{06774621-5B21-4C80-B3E3-FF79C2E6D0C6}.Debug|Any CPU.ActiveCfg = Debug|Any CPU
		{06774621-5B21-4C80-B3E3-FF79C2E6D0C6}.Debug|Any CPU.Build.0 = Debug|Any CPU
		{06774621-5B21-4C80-B3E3-FF79C2E6D0C6}.Debug|ARM.ActiveCfg = Debug|Any CPU
		{06774621-5B21-4C80-B3E3-FF79C2E6D0C6}.Debug|ARM.Build.0 = Debug|Any CPU
		{06774621-5B21-4C80-B3E3-FF79C2E6D0C6}.Debug|x64.ActiveCfg = Debug|Any CPU
		{06774621-5B21-4C80-B3E3-FF79C2E6D0C6}.Debug|x64.Build.0 = Debug|Any CPU
		{06774621-5B21-4C80-B3E3-FF79C2E6D0C6}.Debug|x86.ActiveCfg = Debug|Any CPU
		{06774621-5B21-4C80-B3E3-FF79C2E6D0C6}.Debug|x86.Build.0 = Debug|Any CPU
		{06774621-5B21-4C80-B3E3-FF79C2E6D0C6}.Release|Any CPU.ActiveCfg = Release|Any CPU
		{06774621-5B21-4C80-B3E3-FF79C2E6D0C6}.Release|Any CPU.Build.0 = Release|Any CPU
		{06774621-5B21-4C80-B3E3-FF79C2E6D0C6}.Release|ARM.ActiveCfg = Release|Any CPU
		{06774621-5B21-4C80-B3E3-FF79C2E6D0C6}.Release|ARM.Build.0 = Release|Any CPU
		{06774621-5B21-4C80-B3E3-FF79C2E6D0C6}.Release|x64.ActiveCfg = Release|Any CPU
		{06774621-5B21-4C80-B3E3-FF79C2E6D0C6}.Release|x64.Build.0 = Release|Any CPU
		{06774621-5B21-4C80-B3E3-FF79C2E6D0C6}.Release|x86.ActiveCfg = Release|Any CPU
		{06774621-5B21-4C80-B3E3-FF79C2E6D0C6}.Release|x86.Build.0 = Release|Any CPU
		{D3CA89A8-4D1C-4DBB-B382-BC178FEF6B18}.Debug|Any CPU.ActiveCfg = Debug|Any CPU
		{D3CA89A8-4D1C-4DBB-B382-BC178FEF6B18}.Debug|Any CPU.Build.0 = Debug|Any CPU
		{D3CA89A8-4D1C-4DBB-B382-BC178FEF6B18}.Debug|ARM.ActiveCfg = Debug|Any CPU
		{D3CA89A8-4D1C-4DBB-B382-BC178FEF6B18}.Debug|ARM.Build.0 = Debug|Any CPU
		{D3CA89A8-4D1C-4DBB-B382-BC178FEF6B18}.Debug|x64.ActiveCfg = Debug|Any CPU
		{D3CA89A8-4D1C-4DBB-B382-BC178FEF6B18}.Debug|x64.Build.0 = Debug|Any CPU
		{D3CA89A8-4D1C-4DBB-B382-BC178FEF6B18}.Debug|x86.ActiveCfg = Debug|Any CPU
		{D3CA89A8-4D1C-4DBB-B382-BC178FEF6B18}.Debug|x86.Build.0 = Debug|Any CPU
		{D3CA89A8-4D1C-4DBB-B382-BC178FEF6B18}.Release|Any CPU.ActiveCfg = Release|Any CPU
		{D3CA89A8-4D1C-4DBB-B382-BC178FEF6B18}.Release|Any CPU.Build.0 = Release|Any CPU
		{D3CA89A8-4D1C-4DBB-B382-BC178FEF6B18}.Release|ARM.ActiveCfg = Release|Any CPU
		{D3CA89A8-4D1C-4DBB-B382-BC178FEF6B18}.Release|ARM.Build.0 = Release|Any CPU
		{D3CA89A8-4D1C-4DBB-B382-BC178FEF6B18}.Release|x64.ActiveCfg = Release|Any CPU
		{D3CA89A8-4D1C-4DBB-B382-BC178FEF6B18}.Release|x64.Build.0 = Release|Any CPU
		{D3CA89A8-4D1C-4DBB-B382-BC178FEF6B18}.Release|x86.ActiveCfg = Release|Any CPU
		{D3CA89A8-4D1C-4DBB-B382-BC178FEF6B18}.Release|x86.Build.0 = Release|Any CPU
		{7A14CA68-AC35-4EBC-ACEA-08EB43F131BE}.Debug|Any CPU.ActiveCfg = Debug|Any CPU
		{7A14CA68-AC35-4EBC-ACEA-08EB43F131BE}.Debug|Any CPU.Build.0 = Debug|Any CPU
		{7A14CA68-AC35-4EBC-ACEA-08EB43F131BE}.Debug|ARM.ActiveCfg = Debug|Any CPU
		{7A14CA68-AC35-4EBC-ACEA-08EB43F131BE}.Debug|ARM.Build.0 = Debug|Any CPU
		{7A14CA68-AC35-4EBC-ACEA-08EB43F131BE}.Debug|x64.ActiveCfg = Debug|Any CPU
		{7A14CA68-AC35-4EBC-ACEA-08EB43F131BE}.Debug|x64.Build.0 = Debug|Any CPU
		{7A14CA68-AC35-4EBC-ACEA-08EB43F131BE}.Debug|x86.ActiveCfg = Debug|Any CPU
		{7A14CA68-AC35-4EBC-ACEA-08EB43F131BE}.Debug|x86.Build.0 = Debug|Any CPU
		{7A14CA68-AC35-4EBC-ACEA-08EB43F131BE}.Release|Any CPU.ActiveCfg = Release|Any CPU
		{7A14CA68-AC35-4EBC-ACEA-08EB43F131BE}.Release|Any CPU.Build.0 = Release|Any CPU
		{7A14CA68-AC35-4EBC-ACEA-08EB43F131BE}.Release|ARM.ActiveCfg = Release|Any CPU
		{7A14CA68-AC35-4EBC-ACEA-08EB43F131BE}.Release|ARM.Build.0 = Release|Any CPU
		{7A14CA68-AC35-4EBC-ACEA-08EB43F131BE}.Release|x64.ActiveCfg = Release|Any CPU
		{7A14CA68-AC35-4EBC-ACEA-08EB43F131BE}.Release|x64.Build.0 = Release|Any CPU
		{7A14CA68-AC35-4EBC-ACEA-08EB43F131BE}.Release|x86.ActiveCfg = Release|Any CPU
		{7A14CA68-AC35-4EBC-ACEA-08EB43F131BE}.Release|x86.Build.0 = Release|Any CPU
		{513FC610-4DC6-4E21-8800-54FD0576A5F0}.Debug|Any CPU.ActiveCfg = Debug|Any CPU
		{513FC610-4DC6-4E21-8800-54FD0576A5F0}.Debug|Any CPU.Build.0 = Debug|Any CPU
		{513FC610-4DC6-4E21-8800-54FD0576A5F0}.Debug|ARM.ActiveCfg = Debug|Any CPU
		{513FC610-4DC6-4E21-8800-54FD0576A5F0}.Debug|ARM.Build.0 = Debug|Any CPU
		{513FC610-4DC6-4E21-8800-54FD0576A5F0}.Debug|x64.ActiveCfg = Debug|Any CPU
		{513FC610-4DC6-4E21-8800-54FD0576A5F0}.Debug|x64.Build.0 = Debug|Any CPU
		{513FC610-4DC6-4E21-8800-54FD0576A5F0}.Debug|x86.ActiveCfg = Debug|Any CPU
		{513FC610-4DC6-4E21-8800-54FD0576A5F0}.Debug|x86.Build.0 = Debug|Any CPU
		{513FC610-4DC6-4E21-8800-54FD0576A5F0}.Release|Any CPU.ActiveCfg = Release|Any CPU
		{513FC610-4DC6-4E21-8800-54FD0576A5F0}.Release|Any CPU.Build.0 = Release|Any CPU
		{513FC610-4DC6-4E21-8800-54FD0576A5F0}.Release|ARM.ActiveCfg = Release|Any CPU
		{513FC610-4DC6-4E21-8800-54FD0576A5F0}.Release|ARM.Build.0 = Release|Any CPU
		{513FC610-4DC6-4E21-8800-54FD0576A5F0}.Release|x64.ActiveCfg = Release|Any CPU
		{513FC610-4DC6-4E21-8800-54FD0576A5F0}.Release|x64.Build.0 = Release|Any CPU
		{513FC610-4DC6-4E21-8800-54FD0576A5F0}.Release|x86.ActiveCfg = Release|Any CPU
		{513FC610-4DC6-4E21-8800-54FD0576A5F0}.Release|x86.Build.0 = Release|Any CPU
		{3FBE20AA-E93F-49F6-80A9-18A26943CDBB}.Debug|Any CPU.ActiveCfg = Debug|Any CPU
		{3FBE20AA-E93F-49F6-80A9-18A26943CDBB}.Debug|Any CPU.Build.0 = Debug|Any CPU
		{3FBE20AA-E93F-49F6-80A9-18A26943CDBB}.Debug|ARM.ActiveCfg = Debug|Any CPU
		{3FBE20AA-E93F-49F6-80A9-18A26943CDBB}.Debug|ARM.Build.0 = Debug|Any CPU
		{3FBE20AA-E93F-49F6-80A9-18A26943CDBB}.Debug|x64.ActiveCfg = Debug|Any CPU
		{3FBE20AA-E93F-49F6-80A9-18A26943CDBB}.Debug|x64.Build.0 = Debug|Any CPU
		{3FBE20AA-E93F-49F6-80A9-18A26943CDBB}.Debug|x86.ActiveCfg = Debug|Any CPU
		{3FBE20AA-E93F-49F6-80A9-18A26943CDBB}.Debug|x86.Build.0 = Debug|Any CPU
		{3FBE20AA-E93F-49F6-80A9-18A26943CDBB}.Release|Any CPU.ActiveCfg = Release|Any CPU
		{3FBE20AA-E93F-49F6-80A9-18A26943CDBB}.Release|Any CPU.Build.0 = Release|Any CPU
		{3FBE20AA-E93F-49F6-80A9-18A26943CDBB}.Release|ARM.ActiveCfg = Release|Any CPU
		{3FBE20AA-E93F-49F6-80A9-18A26943CDBB}.Release|ARM.Build.0 = Release|Any CPU
		{3FBE20AA-E93F-49F6-80A9-18A26943CDBB}.Release|x64.ActiveCfg = Release|Any CPU
		{3FBE20AA-E93F-49F6-80A9-18A26943CDBB}.Release|x64.Build.0 = Release|Any CPU
		{3FBE20AA-E93F-49F6-80A9-18A26943CDBB}.Release|x86.ActiveCfg = Release|Any CPU
		{3FBE20AA-E93F-49F6-80A9-18A26943CDBB}.Release|x86.Build.0 = Release|Any CPU
		{89454558-9F75-4017-A776-4D94B9732CED}.Debug|Any CPU.ActiveCfg = Debug|Any CPU
		{89454558-9F75-4017-A776-4D94B9732CED}.Debug|Any CPU.Build.0 = Debug|Any CPU
		{89454558-9F75-4017-A776-4D94B9732CED}.Debug|ARM.ActiveCfg = Debug|Any CPU
		{89454558-9F75-4017-A776-4D94B9732CED}.Debug|ARM.Build.0 = Debug|Any CPU
		{89454558-9F75-4017-A776-4D94B9732CED}.Debug|x64.ActiveCfg = Debug|Any CPU
		{89454558-9F75-4017-A776-4D94B9732CED}.Debug|x64.Build.0 = Debug|Any CPU
		{89454558-9F75-4017-A776-4D94B9732CED}.Debug|x86.ActiveCfg = Debug|Any CPU
		{89454558-9F75-4017-A776-4D94B9732CED}.Debug|x86.Build.0 = Debug|Any CPU
		{89454558-9F75-4017-A776-4D94B9732CED}.Release|Any CPU.ActiveCfg = Release|Any CPU
		{89454558-9F75-4017-A776-4D94B9732CED}.Release|Any CPU.Build.0 = Release|Any CPU
		{89454558-9F75-4017-A776-4D94B9732CED}.Release|ARM.ActiveCfg = Release|Any CPU
		{89454558-9F75-4017-A776-4D94B9732CED}.Release|ARM.Build.0 = Release|Any CPU
		{89454558-9F75-4017-A776-4D94B9732CED}.Release|x64.ActiveCfg = Release|Any CPU
		{89454558-9F75-4017-A776-4D94B9732CED}.Release|x64.Build.0 = Release|Any CPU
		{89454558-9F75-4017-A776-4D94B9732CED}.Release|x86.ActiveCfg = Release|Any CPU
		{89454558-9F75-4017-A776-4D94B9732CED}.Release|x86.Build.0 = Release|Any CPU
		{263C68F6-8D47-4CA6-AD31-9A80B4D08A79}.Debug|Any CPU.ActiveCfg = Debug|Any CPU
		{263C68F6-8D47-4CA6-AD31-9A80B4D08A79}.Debug|Any CPU.Build.0 = Debug|Any CPU
		{263C68F6-8D47-4CA6-AD31-9A80B4D08A79}.Debug|ARM.ActiveCfg = Debug|Any CPU
		{263C68F6-8D47-4CA6-AD31-9A80B4D08A79}.Debug|ARM.Build.0 = Debug|Any CPU
		{263C68F6-8D47-4CA6-AD31-9A80B4D08A79}.Debug|x64.ActiveCfg = Debug|Any CPU
		{263C68F6-8D47-4CA6-AD31-9A80B4D08A79}.Debug|x64.Build.0 = Debug|Any CPU
		{263C68F6-8D47-4CA6-AD31-9A80B4D08A79}.Debug|x86.ActiveCfg = Debug|Any CPU
		{263C68F6-8D47-4CA6-AD31-9A80B4D08A79}.Debug|x86.Build.0 = Debug|Any CPU
		{263C68F6-8D47-4CA6-AD31-9A80B4D08A79}.Release|Any CPU.ActiveCfg = Release|Any CPU
		{263C68F6-8D47-4CA6-AD31-9A80B4D08A79}.Release|Any CPU.Build.0 = Release|Any CPU
		{263C68F6-8D47-4CA6-AD31-9A80B4D08A79}.Release|ARM.ActiveCfg = Release|Any CPU
		{263C68F6-8D47-4CA6-AD31-9A80B4D08A79}.Release|ARM.Build.0 = Release|Any CPU
		{263C68F6-8D47-4CA6-AD31-9A80B4D08A79}.Release|x64.ActiveCfg = Release|Any CPU
		{263C68F6-8D47-4CA6-AD31-9A80B4D08A79}.Release|x64.Build.0 = Release|Any CPU
		{263C68F6-8D47-4CA6-AD31-9A80B4D08A79}.Release|x86.ActiveCfg = Release|Any CPU
		{263C68F6-8D47-4CA6-AD31-9A80B4D08A79}.Release|x86.Build.0 = Release|Any CPU
		{60124DC8-0046-431D-AC24-973B1262D6E5}.Debug|Any CPU.ActiveCfg = Debug|Any CPU
		{60124DC8-0046-431D-AC24-973B1262D6E5}.Debug|Any CPU.Build.0 = Debug|Any CPU
		{60124DC8-0046-431D-AC24-973B1262D6E5}.Debug|ARM.ActiveCfg = Debug|Any CPU
		{60124DC8-0046-431D-AC24-973B1262D6E5}.Debug|ARM.Build.0 = Debug|Any CPU
		{60124DC8-0046-431D-AC24-973B1262D6E5}.Debug|x64.ActiveCfg = Debug|Any CPU
		{60124DC8-0046-431D-AC24-973B1262D6E5}.Debug|x64.Build.0 = Debug|Any CPU
		{60124DC8-0046-431D-AC24-973B1262D6E5}.Debug|x86.ActiveCfg = Debug|Any CPU
		{60124DC8-0046-431D-AC24-973B1262D6E5}.Debug|x86.Build.0 = Debug|Any CPU
		{60124DC8-0046-431D-AC24-973B1262D6E5}.Release|Any CPU.ActiveCfg = Release|Any CPU
		{60124DC8-0046-431D-AC24-973B1262D6E5}.Release|Any CPU.Build.0 = Release|Any CPU
		{60124DC8-0046-431D-AC24-973B1262D6E5}.Release|ARM.ActiveCfg = Release|Any CPU
		{60124DC8-0046-431D-AC24-973B1262D6E5}.Release|ARM.Build.0 = Release|Any CPU
		{60124DC8-0046-431D-AC24-973B1262D6E5}.Release|x64.ActiveCfg = Release|Any CPU
		{60124DC8-0046-431D-AC24-973B1262D6E5}.Release|x64.Build.0 = Release|Any CPU
		{60124DC8-0046-431D-AC24-973B1262D6E5}.Release|x86.ActiveCfg = Release|Any CPU
		{60124DC8-0046-431D-AC24-973B1262D6E5}.Release|x86.Build.0 = Release|Any CPU
	EndGlobalSection
	GlobalSection(SolutionProperties) = preSolution
		HideSolutionNode = FALSE
	EndGlobalSection
	GlobalSection(NestedProjects) = preSolution
		{7D6F93A1-A033-4C1A-87B9-6E11A458627E} = {37EE8852-A1D8-4824-B390-77B3F5810C16}
		{F4385864-8434-4700-803B-3D1063B37CBE} = {37EE8852-A1D8-4824-B390-77B3F5810C16}
		{852F0BB8-5A4B-44EB-8CA6-B30814C019FA} = {37EE8852-A1D8-4824-B390-77B3F5810C16}
		{7B3EF678-7A8A-4A53-8D6E-FFE5E4CC52D2} = {37EE8852-A1D8-4824-B390-77B3F5810C16}
		{7D5A1E33-E13D-4771-B052-FFCB1CF2F1DD} = {37EE8852-A1D8-4824-B390-77B3F5810C16}
		{3A8A27C1-0343-44D2-99A2-778B0824B793} = {37EE8852-A1D8-4824-B390-77B3F5810C16}
		{06774621-5B21-4C80-B3E3-FF79C2E6D0C6} = {37EE8852-A1D8-4824-B390-77B3F5810C16}
		{D3CA89A8-4D1C-4DBB-B382-BC178FEF6B18} = {37EE8852-A1D8-4824-B390-77B3F5810C16}
		{7A14CA68-AC35-4EBC-ACEA-08EB43F131BE} = {37EE8852-A1D8-4824-B390-77B3F5810C16}
		{513FC610-4DC6-4E21-8800-54FD0576A5F0} = {7D6F93A1-A033-4C1A-87B9-6E11A458627E}
		{3FBE20AA-E93F-49F6-80A9-18A26943CDBB} = {7D6F93A1-A033-4C1A-87B9-6E11A458627E}
		{89454558-9F75-4017-A776-4D94B9732CED} = {7D6F93A1-A033-4C1A-87B9-6E11A458627E}
		{263C68F6-8D47-4CA6-AD31-9A80B4D08A79} = {37EE8852-A1D8-4824-B390-77B3F5810C16}
		{60124DC8-0046-431D-AC24-973B1262D6E5} = {01437806-03B1-49D4-BEBB-CD32E11A1999}
	EndGlobalSection
	GlobalSection(ExtensibilityGlobals) = postSolution
		SolutionGuid = {DAB78757-636B-4871-A176-116C49E181E9}
	EndGlobalSection
EndGlobal
